
Microsoft Visual Studio Solution File, Format Version 12.00
# Visual Studio 15
VisualStudioVersion = 15.0.28307.421
MinimumVisualStudioVersion = 10.0.40219.1
Project("{FAE04EC0-301F-11D3-BF4B-00C04F79EFBC}") = "BubbleSort", "BubbleSort\BubbleSort.csproj", "{EF5DFB78-E096-4340-8C88-423A8456D70C}"
EndProject
Project("{FAE04EC0-301F-11D3-BF4B-00C04F79EFBC}") = "BubbleSortTests", "BubbleSortTests\BubbleSortTests.csproj", "{B515EC60-BD12-427D-AFAF-E692088655EE}"
EndProject
Global
	GlobalSection(SolutionConfigurationPlatforms) = preSolution
		Debug|Any CPU = Debug|Any CPU
		Release|Any CPU = Release|Any CPU
	EndGlobalSection
	GlobalSection(ProjectConfigurationPlatforms) = postSolution
		{EF5DFB78-E096-4340-8C88-423A8456D70C}.Debug|Any CPU.ActiveCfg = Debug|Any CPU
		{EF5DFB78-E096-4340-8C88-423A8456D70C}.Debug|Any CPU.Build.0 = Debug|Any CPU
		{EF5DFB78-E096-4340-8C88-423A8456D70C}.Release|Any CPU.ActiveCfg = Release|Any CPU
		{EF5DFB78-E096-4340-8C88-423A8456D70C}.Release|Any CPU.Build.0 = Release|Any CPU
		{B515EC60-BD12-427D-AFAF-E692088655EE}.Debug|Any CPU.ActiveCfg = Debug|Any CPU
		{B515EC60-BD12-427D-AFAF-E692088655EE}.Debug|Any CPU.Build.0 = Debug|Any CPU
		{B515EC60-BD12-427D-AFAF-E692088655EE}.Release|Any CPU.ActiveCfg = Release|Any CPU
		{B515EC60-BD12-427D-AFAF-E692088655EE}.Release|Any CPU.Build.0 = Release|Any CPU
	EndGlobalSection
	GlobalSection(SolutionProperties) = preSolution
		HideSolutionNode = FALSE
	EndGlobalSection
	GlobalSection(ExtensibilityGlobals) = postSolution
		SolutionGuid = {07E3E25D-C2FE-45F1-BAE4-CF38B3FE3E9D}
	EndGlobalSection
EndGlobal
